
Microsoft Visual Studio Solution File, Format Version 12.00
# Visual Studio Version 17
VisualStudioVersion = 17.14.36109.1 d17.14
MinimumVisualStudioVersion = 10.0.40219.1
Project("{FAE04EC0-301F-11D3-BF4B-00C04F79EFBC}") = "Pujas.API", "Pujas.API.csproj", "{EAC585A5-B70C-45A4-AE63-1AD620CEBF53}"
EndProject
Project("{FAE04EC0-301F-11D3-BF4B-00C04F79EFBC}") = "Pujas.Application", "..\Pujas.Application\Pujas.Application.csproj", "{90A9888E-05B4-4AED-9916-58A669A8A15D}"
EndProject
Project("{FAE04EC0-301F-11D3-BF4B-00C04F79EFBC}") = "Pujas.Domain", "..\Pujas.Domain\Pujas.Domain.csproj", "{2F9877EF-A646-4A5D-B2C9-D31E41614BAF}"
EndProject
Project("{FAE04EC0-301F-11D3-BF4B-00C04F79EFBC}") = "Pujas.Infrastructure", "..\Pujas.Infrastructure\Pujas.Infrastructure.csproj", "{45294349-2B5B-4771-A97E-D5EE230E3EAF}"
EndProject
Project("{FAE04EC0-301F-11D3-BF4B-00C04F79EFBC}") = "Pujas.Tests", "..\Pujas.Tests\Pujas.Tests.csproj", "{CFEE50B5-9D09-4098-AD5E-ED6DC4DF9CE6}"
EndProject
Global
	GlobalSection(SolutionConfigurationPlatforms) = preSolution
		Debug|Any CPU = Debug|Any CPU
		Release|Any CPU = Release|Any CPU
	EndGlobalSection
	GlobalSection(ProjectConfigurationPlatforms) = postSolution
		{EAC585A5-B70C-45A4-AE63-1AD620CEBF53}.Debug|Any CPU.ActiveCfg = Debug|Any CPU
		{EAC585A5-B70C-45A4-AE63-1AD620CEBF53}.Debug|Any CPU.Build.0 = Debug|Any CPU
		{EAC585A5-B70C-45A4-AE63-1AD620CEBF53}.Release|Any CPU.ActiveCfg = Release|Any CPU
		{EAC585A5-B70C-45A4-AE63-1AD620CEBF53}.Release|Any CPU.Build.0 = Release|Any CPU
		{90A9888E-05B4-4AED-9916-58A669A8A15D}.Debug|Any CPU.ActiveCfg = Debug|Any CPU
		{90A9888E-05B4-4AED-9916-58A669A8A15D}.Debug|Any CPU.Build.0 = Debug|Any CPU
		{90A9888E-05B4-4AED-9916-58A669A8A15D}.Release|Any CPU.ActiveCfg = Release|Any CPU
		{90A9888E-05B4-4AED-9916-58A669A8A15D}.Release|Any CPU.Build.0 = Release|Any CPU
		{2F9877EF-A646-4A5D-B2C9-D31E41614BAF}.Debug|Any CPU.ActiveCfg = Debug|Any CPU
		{2F9877EF-A646-4A5D-B2C9-D31E41614BAF}.Debug|Any CPU.Build.0 = Debug|Any CPU
		{2F9877EF-A646-4A5D-B2C9-D31E41614BAF}.Release|Any CPU.ActiveCfg = Release|Any CPU
		{2F9877EF-A646-4A5D-B2C9-D31E41614BAF}.Release|Any CPU.Build.0 = Release|Any CPU
		{45294349-2B5B-4771-A97E-D5EE230E3EAF}.Debug|Any CPU.ActiveCfg = Debug|Any CPU
		{45294349-2B5B-4771-A97E-D5EE230E3EAF}.Debug|Any CPU.Build.0 = Debug|Any CPU
		{45294349-2B5B-4771-A97E-D5EE230E3EAF}.Release|Any CPU.ActiveCfg = Release|Any CPU
		{45294349-2B5B-4771-A97E-D5EE230E3EAF}.Release|Any CPU.Build.0 = Release|Any CPU
		{CFEE50B5-9D09-4098-AD5E-ED6DC4DF9CE6}.Debug|Any CPU.ActiveCfg = Debug|Any CPU
		{CFEE50B5-9D09-4098-AD5E-ED6DC4DF9CE6}.Debug|Any CPU.Build.0 = Debug|Any CPU
		{CFEE50B5-9D09-4098-AD5E-ED6DC4DF9CE6}.Release|Any CPU.ActiveCfg = Release|Any CPU
		{CFEE50B5-9D09-4098-AD5E-ED6DC4DF9CE6}.Release|Any CPU.Build.0 = Release|Any CPU
	EndGlobalSection
	GlobalSection(SolutionProperties) = preSolution
		HideSolutionNode = FALSE
	EndGlobalSection
	GlobalSection(ExtensibilityGlobals) = postSolution
		SolutionGuid = {133E0422-AB06-4A5D-8192-DAC4AE056F91}
	EndGlobalSection
EndGlobal
